
Microsoft Visual Studio Solution File, Format Version 12.00
# Visual Studio 15
Project("{FAE04EC0-301F-11D3-BF4B-00C04F79EFBC}") = "CollectMostApples", "CollectMostApples.csproj", "{677029B5-1AEF-4065-9B0B-3CAABAFA3DDD}"
EndProject
Global
	GlobalSection(SolutionConfigurationPlatforms) = preSolution
		Debug|Any CPU = Debug|Any CPU
		Release|Any CPU = Release|Any CPU
	EndGlobalSection
	GlobalSection(ProjectConfigurationPlatforms) = postSolution
		{677029B5-1AEF-4065-9B0B-3CAABAFA3DDD}.Debug|Any CPU.ActiveCfg = Debug|Any CPU
		{677029B5-1AEF-4065-9B0B-3CAABAFA3DDD}.Debug|Any CPU.Build.0 = Debug|Any CPU
		{677029B5-1AEF-4065-9B0B-3CAABAFA3DDD}.Release|Any CPU.ActiveCfg = Release|Any CPU
		{677029B5-1AEF-4065-9B0B-3CAABAFA3DDD}.Release|Any CPU.Build.0 = Release|Any CPU
	EndGlobalSection
EndGlobal
